// !$*UTF8*$!
{
	archiveVersion = 1;
	classes = {
	};
	objectVersion = 55;
	objects = {

/* Begin PBXBuildFile section */
		275E52C328570136005442C1 /* DaIiyBoxOfficeData.swift in Sources */ = {isa = PBXBuildFile; fileRef = 275E52C228570136005442C1 /* DaIiyBoxOfficeData.swift */; };
		275E52C528570172005442C1 /* DailyBoxOfficeNetWork.swift in Sources */ = {isa = PBXBuildFile; fileRef = 275E52C428570172005442C1 /* DailyBoxOfficeNetWork.swift */; };
		275E52C728573FDE005442C1 /* TodayBoxOfficeCell.swift in Sources */ = {isa = PBXBuildFile; fileRef = 275E52C628573FDE005442C1 /* TodayBoxOfficeCell.swift */; };
		275E52C928574451005442C1 /* NowPlayingMoviesViewControllerExtension.swift in Sources */ = {isa = PBXBuildFile; fileRef = 275E52C828574451005442C1 /* NowPlayingMoviesViewControllerExtension.swift */; };
		275E52CD28580DC6005442C1 /* WeekBoxOfficeNetWork.swift in Sources */ = {isa = PBXBuildFile; fileRef = 275E52CC28580DC6005442C1 /* WeekBoxOfficeNetWork.swift */; };
		275E52CF2858109D005442C1 /* WeekBoxOfficeData.swift in Sources */ = {isa = PBXBuildFile; fileRef = 275E52CE2858109D005442C1 /* WeekBoxOfficeData.swift */; };
		275E52D32858664E005442C1 /* MovieSearchViewController.swift in Sources */ = {isa = PBXBuildFile; fileRef = 275E52D22858664E005442C1 /* MovieSearchViewController.swift */; };
		27998EE42855AE920020037E /* AppDelegate.swift in Sources */ = {isa = PBXBuildFile; fileRef = 27998EE32855AE920020037E /* AppDelegate.swift */; };
		27998EE62855AE920020037E /* SceneDelegate.swift in Sources */ = {isa = PBXBuildFile; fileRef = 27998EE52855AE920020037E /* SceneDelegate.swift */; };
		27998EE82855AE920020037E /* ViewController.swift in Sources */ = {isa = PBXBuildFile; fileRef = 27998EE72855AE920020037E /* ViewController.swift */; };
		27998EEB2855AE920020037E /* Main.storyboard in Resources */ = {isa = PBXBuildFile; fileRef = 27998EE92855AE920020037E /* Main.storyboard */; };
		27998EED2855AE930020037E /* Assets.xcassets in Resources */ = {isa = PBXBuildFile; fileRef = 27998EEC2855AE930020037E /* Assets.xcassets */; };
		27998EF02855AE930020037E /* LaunchScreen.storyboard in Resources */ = {isa = PBXBuildFile; fileRef = 27998EEE2855AE930020037E /* LaunchScreen.storyboard */; };
		27B6668D285B232600F14B26 /* MyAccountViewController.swift in Sources */ = {isa = PBXBuildFile; fileRef = 27B6668C285B232600F14B26 /* MyAccountViewController.swift */; };
		27B66690285B296900F14B26 /* Kingfisher in Frameworks */ = {isa = PBXBuildFile; productRef = 27B6668F285B296900F14B26 /* Kingfisher */; };
		27F95B6E2855B5670097C7DC /* Alamofire in Frameworks */ = {isa = PBXBuildFile; productRef = 27F95B6D2855B5670097C7DC /* Alamofire */; };
		27F95B712855B5A20097C7DC /* Tabman in Frameworks */ = {isa = PBXBuildFile; productRef = 27F95B702855B5A20097C7DC /* Tabman */; };
		27F95B772855BC090097C7DC /* KakaoSDK in Frameworks */ = {isa = PBXBuildFile; productRef = 27F95B762855BC090097C7DC /* KakaoSDK */; };
		27F95B792855BC090097C7DC /* KakaoSDKAuth in Frameworks */ = {isa = PBXBuildFile; productRef = 27F95B782855BC090097C7DC /* KakaoSDKAuth */; };
		27F95B7B2855BC090097C7DC /* KakaoSDKCommon in Frameworks */ = {isa = PBXBuildFile; productRef = 27F95B7A2855BC090097C7DC /* KakaoSDKCommon */; };
		27F95B7D2855BC090097C7DC /* KakaoSDKCommonCore in Frameworks */ = {isa = PBXBuildFile; productRef = 27F95B7C2855BC090097C7DC /* KakaoSDKCommonCore */; };
		27F95B7F2855BC090097C7DC /* KakaoSDKLink in Frameworks */ = {isa = PBXBuildFile; productRef = 27F95B7E2855BC090097C7DC /* KakaoSDKLink */; };
		27F95B812855BC090097C7DC /* KakaoSDKNavi in Frameworks */ = {isa = PBXBuildFile; productRef = 27F95B802855BC090097C7DC /* KakaoSDKNavi */; };
		27F95B832855BC090097C7DC /* KakaoSDKStory in Frameworks */ = {isa = PBXBuildFile; productRef = 27F95B822855BC090097C7DC /* KakaoSDKStory */; };
		27F95B852855BC090097C7DC /* KakaoSDKTalk in Frameworks */ = {isa = PBXBuildFile; productRef = 27F95B842855BC090097C7DC /* KakaoSDKTalk */; };
		27F95B872855BC090097C7DC /* KakaoSDKTemplate in Frameworks */ = {isa = PBXBuildFile; productRef = 27F95B862855BC090097C7DC /* KakaoSDKTemplate */; };
		27F95B892855BC090097C7DC /* KakaoSDKUser in Frameworks */ = {isa = PBXBuildFile; productRef = 27F95B882855BC090097C7DC /* KakaoSDKUser */; };
		27F95B8B2855C9EA0097C7DC /* TabBarViewController.swift in Sources */ = {isa = PBXBuildFile; fileRef = 27F95B8A2855C9EA0097C7DC /* TabBarViewController.swift */; };
		27F95B8D2855CA7A0097C7DC /* ViewControllerExtension.swift in Sources */ = {isa = PBXBuildFile; fileRef = 27F95B8C2855CA7A0097C7DC /* ViewControllerExtension.swift */; };
		27F95B8F2855CCD90097C7DC /* NowPlayingMovieViewController.swift in Sources */ = {isa = PBXBuildFile; fileRef = 27F95B8E2855CCD90097C7DC /* NowPlayingMovieViewController.swift */; };
		27F95B912855D39D0097C7DC /* TabBarViewControllerExtension.swift in Sources */ = {isa = PBXBuildFile; fileRef = 27F95B902855D39D0097C7DC /* TabBarViewControllerExtension.swift */; };
		E766A269A591CF090A0C12D8 /* Pods_MoiveApiProject.framework in Frameworks */ = {isa = PBXBuildFile; fileRef = 4567379FAF9B0D0CBAC37B7E /* Pods_MoiveApiProject.framework */; };
/* End PBXBuildFile section */

/* Begin PBXFileReference section */
		275E52C228570136005442C1 /* DaIiyBoxOfficeData.swift */ = {isa = PBXFileReference; lastKnownFileType = sourcecode.swift; path = DaIiyBoxOfficeData.swift; sourceTree = "<group>"; };
		275E52C428570172005442C1 /* DailyBoxOfficeNetWork.swift */ = {isa = PBXFileReference; lastKnownFileType = sourcecode.swift; path = DailyBoxOfficeNetWork.swift; sourceTree = "<group>"; };
		275E52C628573FDE005442C1 /* TodayBoxOfficeCell.swift */ = {isa = PBXFileReference; lastKnownFileType = sourcecode.swift; path = TodayBoxOfficeCell.swift; sourceTree = "<group>"; };
		275E52C828574451005442C1 /* NowPlayingMoviesViewControllerExtension.swift */ = {isa = PBXFileReference; lastKnownFileType = sourcecode.swift; path = NowPlayingMoviesViewControllerExtension.swift; sourceTree = "<group>"; };
		275E52CC28580DC6005442C1 /* WeekBoxOfficeNetWork.swift */ = {isa = PBXFileReference; lastKnownFileType = sourcecode.swift; path = WeekBoxOfficeNetWork.swift; sourceTree = "<group>"; };
		275E52CE2858109D005442C1 /* WeekBoxOfficeData.swift */ = {isa = PBXFileReference; lastKnownFileType = sourcecode.swift; path = WeekBoxOfficeData.swift; sourceTree = "<group>"; };
		275E52D22858664E005442C1 /* MovieSearchViewController.swift */ = {isa = PBXFileReference; lastKnownFileType = sourcecode.swift; path = MovieSearchViewController.swift; sourceTree = "<group>"; };
		27998EE02855AE920020037E /* MoiveApiProject.app */ = {isa = PBXFileReference; explicitFileType = wrapper.application; includeInIndex = 0; path = MoiveApiProject.app; sourceTree = BUILT_PRODUCTS_DIR; };
		27998EE32855AE920020037E /* AppDelegate.swift */ = {isa = PBXFileReference; lastKnownFileType = sourcecode.swift; path = AppDelegate.swift; sourceTree = "<group>"; };
		27998EE52855AE920020037E /* SceneDelegate.swift */ = {isa = PBXFileReference; lastKnownFileType = sourcecode.swift; path = SceneDelegate.swift; sourceTree = "<group>"; };
		27998EE72855AE920020037E /* ViewController.swift */ = {isa = PBXFileReference; lastKnownFileType = sourcecode.swift; path = ViewController.swift; sourceTree = "<group>"; };
		27998EEA2855AE920020037E /* Base */ = {isa = PBXFileReference; lastKnownFileType = file.storyboard; name = Base; path = Base.lproj/Main.storyboard; sourceTree = "<group>"; };
		27998EEC2855AE930020037E /* Assets.xcassets */ = {isa = PBXFileReference; lastKnownFileType = folder.assetcatalog; path = Assets.xcassets; sourceTree = "<group>"; };
		27998EEF2855AE930020037E /* Base */ = {isa = PBXFileReference; lastKnownFileType = file.storyboard; name = Base; path = Base.lproj/LaunchScreen.storyboard; sourceTree = "<group>"; };
		27998EF12855AE930020037E /* Info.plist */ = {isa = PBXFileReference; lastKnownFileType = text.plist.xml; path = Info.plist; sourceTree = "<group>"; };
		27B6668C285B232600F14B26 /* MyAccountViewController.swift */ = {isa = PBXFileReference; lastKnownFileType = sourcecode.swift; path = MyAccountViewController.swift; sourceTree = "<group>"; };
		27F95B8A2855C9EA0097C7DC /* TabBarViewController.swift */ = {isa = PBXFileReference; lastKnownFileType = sourcecode.swift; path = TabBarViewController.swift; sourceTree = "<group>"; };
		27F95B8C2855CA7A0097C7DC /* ViewControllerExtension.swift */ = {isa = PBXFileReference; lastKnownFileType = sourcecode.swift; path = ViewControllerExtension.swift; sourceTree = "<group>"; };
		27F95B8E2855CCD90097C7DC /* NowPlayingMovieViewController.swift */ = {isa = PBXFileReference; lastKnownFileType = sourcecode.swift; path = NowPlayingMovieViewController.swift; sourceTree = "<group>"; };
		27F95B902855D39D0097C7DC /* TabBarViewControllerExtension.swift */ = {isa = PBXFileReference; lastKnownFileType = sourcecode.swift; path = TabBarViewControllerExtension.swift; sourceTree = "<group>"; };
		4567379FAF9B0D0CBAC37B7E /* Pods_MoiveApiProject.framework */ = {isa = PBXFileReference; explicitFileType = wrapper.framework; includeInIndex = 0; path = Pods_MoiveApiProject.framework; sourceTree = BUILT_PRODUCTS_DIR; };
		BFDFBC652FA3BC708C8431B0 /* Pods-MoiveApiProject.debug.xcconfig */ = {isa = PBXFileReference; includeInIndex = 1; lastKnownFileType = text.xcconfig; name = "Pods-MoiveApiProject.debug.xcconfig"; path = "Target Support Files/Pods-MoiveApiProject/Pods-MoiveApiProject.debug.xcconfig"; sourceTree = "<group>"; };
		DCE86AC106925CA5F92E2BE2 /* Pods-MoiveApiProject.release.xcconfig */ = {isa = PBXFileReference; includeInIndex = 1; lastKnownFileType = text.xcconfig; name = "Pods-MoiveApiProject.release.xcconfig"; path = "Target Support Files/Pods-MoiveApiProject/Pods-MoiveApiProject.release.xcconfig"; sourceTree = "<group>"; };
/* End PBXFileReference section */

/* Begin PBXFrameworksBuildPhase section */
		27998EDD2855AE920020037E /* Frameworks */ = {
			isa = PBXFrameworksBuildPhase;
			buildActionMask = 2147483647;
			files = (
				27F95B6E2855B5670097C7DC /* Alamofire in Frameworks */,
				27F95B712855B5A20097C7DC /* Tabman in Frameworks */,
				27B66690285B296900F14B26 /* Kingfisher in Frameworks */,
				27F95B832855BC090097C7DC /* KakaoSDKStory in Frameworks */,
				27F95B872855BC090097C7DC /* KakaoSDKTemplate in Frameworks */,
				27F95B772855BC090097C7DC /* KakaoSDK in Frameworks */,
				27F95B812855BC090097C7DC /* KakaoSDKNavi in Frameworks */,
				27F95B7F2855BC090097C7DC /* KakaoSDKLink in Frameworks */,
				27F95B7B2855BC090097C7DC /* KakaoSDKCommon in Frameworks */,
				27F95B892855BC090097C7DC /* KakaoSDKUser in Frameworks */,
				27F95B852855BC090097C7DC /* KakaoSDKTalk in Frameworks */,
				27F95B792855BC090097C7DC /* KakaoSDKAuth in Frameworks */,
				27F95B7D2855BC090097C7DC /* KakaoSDKCommonCore in Frameworks */,
				E766A269A591CF090A0C12D8 /* Pods_MoiveApiProject.framework in Frameworks */,
			);
			runOnlyForDeploymentPostprocessing = 0;
		};
/* End PBXFrameworksBuildPhase section */

/* Begin PBXGroup section */
		275E52D02858622B005442C1 /* NowPlayingMoiveViewCell */ = {
			isa = PBXGroup;
			children = (
				275E52C628573FDE005442C1 /* TodayBoxOfficeCell.swift */,
			);
			path = NowPlayingMoiveViewCell;
			sourceTree = "<group>";
		};
		275E52D128586623005442C1 /* MovieSearchViewController */ = {
			isa = PBXGroup;
			children = (
				275E52D22858664E005442C1 /* MovieSearchViewController.swift */,
			);
			path = MovieSearchViewController;
			sourceTree = "<group>";
		};
		27998ED72855AE920020037E = {
			isa = PBXGroup;
			children = (
				27998EE22855AE920020037E /* MoiveApiProject */,
				27998EE12855AE920020037E /* Products */,
				5DB7B1B3EF1F7D1274033D19 /* Pods */,
				4B24A04C62833B303850326F /* Frameworks */,
			);
			sourceTree = "<group>";
		};
		27998EE12855AE920020037E /* Products */ = {
			isa = PBXGroup;
			children = (
				27998EE02855AE920020037E /* MoiveApiProject.app */,
			);
			name = Products;
			sourceTree = "<group>";
		};
		27998EE22855AE920020037E /* MoiveApiProject */ = {
			isa = PBXGroup;
			children = (
				27998EE32855AE920020037E /* AppDelegate.swift */,
				27998EE52855AE920020037E /* SceneDelegate.swift */,
				27F95B722855B60D0097C7DC /* Model */,
				27F95B732855B61B0097C7DC /* View */,
				27F95B742855B6230097C7DC /* ViewController */,
				27998EF12855AE930020037E /* Info.plist */,
			);
			path = MoiveApiProject;
			sourceTree = "<group>";
		};
		27B6668B285B230800F14B26 /* MyAccountViewContrller */ = {
			isa = PBXGroup;
			children = (
				27B6668C285B232600F14B26 /* MyAccountViewController.swift */,
			);
			path = MyAccountViewContrller;
			sourceTree = "<group>";
		};
		27F95B722855B60D0097C7DC /* Model */ = {
			isa = PBXGroup;
			children = (
				27998EEC2855AE930020037E /* Assets.xcassets */,
				275E52C228570136005442C1 /* DaIiyBoxOfficeData.swift */,
				275E52C428570172005442C1 /* DailyBoxOfficeNetWork.swift */,
				275E52CE2858109D005442C1 /* WeekBoxOfficeData.swift */,
				275E52CC28580DC6005442C1 /* WeekBoxOfficeNetWork.swift */,
			);
			path = Model;
			sourceTree = "<group>";
		};
		27F95B732855B61B0097C7DC /* View */ = {
			isa = PBXGroup;
			children = (
				27998EEE2855AE930020037E /* LaunchScreen.storyboard */,
				27998EE92855AE920020037E /* Main.storyboard */,
			);
			path = View;
			sourceTree = "<group>";
		};
		27F95B742855B6230097C7DC /* ViewController */ = {
			isa = PBXGroup;
			children = (
				27F95B922855E1480097C7DC /* MainViewController */,
				27F95B932855E1640097C7DC /* TabBarViewController */,
				27F95B942855E1800097C7DC /* NowPlayingMoiveViewController */,
				275E52D128586623005442C1 /* MovieSearchViewController */,
				27B6668B285B230800F14B26 /* MyAccountViewContrller */,
			);
			path = ViewController;
			sourceTree = "<group>";
		};
		27F95B922855E1480097C7DC /* MainViewController */ = {
			isa = PBXGroup;
			children = (
				27998EE72855AE920020037E /* ViewController.swift */,
				27F95B8C2855CA7A0097C7DC /* ViewControllerExtension.swift */,
			);
			path = MainViewController;
			sourceTree = "<group>";
		};
		27F95B932855E1640097C7DC /* TabBarViewController */ = {
			isa = PBXGroup;
			children = (
				27F95B8A2855C9EA0097C7DC /* TabBarViewController.swift */,
				27F95B902855D39D0097C7DC /* TabBarViewControllerExtension.swift */,
			);
			path = TabBarViewController;
			sourceTree = "<group>";
		};
		27F95B942855E1800097C7DC /* NowPlayingMoiveViewController */ = {
			isa = PBXGroup;
			children = (
				27F95B8E2855CCD90097C7DC /* NowPlayingMovieViewController.swift */,
				275E52C828574451005442C1 /* NowPlayingMoviesViewControllerExtension.swift */,
				275E52D02858622B005442C1 /* NowPlayingMoiveViewCell */,
			);
			path = NowPlayingMoiveViewController;
			sourceTree = "<group>";
		};
		4B24A04C62833B303850326F /* Frameworks */ = {
			isa = PBXGroup;
			children = (
				4567379FAF9B0D0CBAC37B7E /* Pods_MoiveApiProject.framework */,
			);
			name = Frameworks;
			sourceTree = "<group>";
		};
		5DB7B1B3EF1F7D1274033D19 /* Pods */ = {
			isa = PBXGroup;
			children = (
				BFDFBC652FA3BC708C8431B0 /* Pods-MoiveApiProject.debug.xcconfig */,
				DCE86AC106925CA5F92E2BE2 /* Pods-MoiveApiProject.release.xcconfig */,
			);
			path = Pods;
			sourceTree = "<group>";
		};
/* End PBXGroup section */

/* Begin PBXNativeTarget section */
		27998EDF2855AE920020037E /* MoiveApiProject */ = {
			isa = PBXNativeTarget;
			buildConfigurationList = 27998EF42855AE930020037E /* Build configuration list for PBXNativeTarget "MoiveApiProject" */;
			buildPhases = (
				02A5731170EB115077BA42F9 /* [CP] Check Pods Manifest.lock */,
				27998EDC2855AE920020037E /* Sources */,
				27998EDD2855AE920020037E /* Frameworks */,
				27998EDE2855AE920020037E /* Resources */,
				08B6D153373E2297E932BCBD /* [CP] Embed Pods Frameworks */,
			);
			buildRules = (
			);
			dependencies = (
			);
			name = MoiveApiProject;
			packageProductDependencies = (
				27F95B6D2855B5670097C7DC /* Alamofire */,
				27F95B702855B5A20097C7DC /* Tabman */,
				27F95B762855BC090097C7DC /* KakaoSDK */,
				27F95B782855BC090097C7DC /* KakaoSDKAuth */,
				27F95B7A2855BC090097C7DC /* KakaoSDKCommon */,
				27F95B7C2855BC090097C7DC /* KakaoSDKCommonCore */,
				27F95B7E2855BC090097C7DC /* KakaoSDKLink */,
				27F95B802855BC090097C7DC /* KakaoSDKNavi */,
				27F95B822855BC090097C7DC /* KakaoSDKStory */,
				27F95B842855BC090097C7DC /* KakaoSDKTalk */,
				27F95B862855BC090097C7DC /* KakaoSDKTemplate */,
				27F95B882855BC090097C7DC /* KakaoSDKUser */,
				27B6668F285B296900F14B26 /* Kingfisher */,
			);
			productName = MoiveApiProject;
			productReference = 27998EE02855AE920020037E /* MoiveApiProject.app */;
			productType = "com.apple.product-type.application";
		};
/* End PBXNativeTarget section */

/* Begin PBXProject section */
		27998ED82855AE920020037E /* Project object */ = {
			isa = PBXProject;
			attributes = {
				BuildIndependentTargetsInParallel = 1;
				LastSwiftUpdateCheck = 1340;
				LastUpgradeCheck = 1340;
				TargetAttributes = {
					27998EDF2855AE920020037E = {
						CreatedOnToolsVersion = 13.4.1;
					};
				};
			};
			buildConfigurationList = 27998EDB2855AE920020037E /* Build configuration list for PBXProject "MoiveApiProject" */;
			compatibilityVersion = "Xcode 13.0";
			developmentRegion = en;
			hasScannedForEncodings = 0;
			knownRegions = (
				en,
				Base,
			);
			mainGroup = 27998ED72855AE920020037E;
			packageReferences = (
				27F95B6C2855B5670097C7DC /* XCRemoteSwiftPackageReference "Alamofire" */,
				27F95B6F2855B5A20097C7DC /* XCRemoteSwiftPackageReference "Tabman" */,
				27F95B752855BC090097C7DC /* XCRemoteSwiftPackageReference "kakao-ios-sdk" */,
				27B6668E285B296900F14B26 /* XCRemoteSwiftPackageReference "Kingfisher" */,
			);
			productRefGroup = 27998EE12855AE920020037E /* Products */;
			projectDirPath = "";
			projectRoot = "";
			targets = (
				27998EDF2855AE920020037E /* MoiveApiProject */,
			);
		};
/* End PBXProject section */

/* Begin PBXResourcesBuildPhase section */
		27998EDE2855AE920020037E /* Resources */ = {
			isa = PBXResourcesBuildPhase;
			buildActionMask = 2147483647;
			files = (
				27998EF02855AE930020037E /* LaunchScreen.storyboard in Resources */,
				27998EED2855AE930020037E /* Assets.xcassets in Resources */,
				27998EEB2855AE920020037E /* Main.storyboard in Resources */,
			);
			runOnlyForDeploymentPostprocessing = 0;
		};
/* End PBXResourcesBuildPhase section */

/* Begin PBXShellScriptBuildPhase section */
		02A5731170EB115077BA42F9 /* [CP] Check Pods Manifest.lock */ = {
			isa = PBXShellScriptBuildPhase;
			buildActionMask = 2147483647;
			files = (
			);
			inputFileListPaths = (
			);
			inputPaths = (
				"${PODS_PODFILE_DIR_PATH}/Podfile.lock",
				"${PODS_ROOT}/Manifest.lock",
			);
			name = "[CP] Check Pods Manifest.lock";
			outputFileListPaths = (
			);
			outputPaths = (
				"$(DERIVED_FILE_DIR)/Pods-MoiveApiProject-checkManifestLockResult.txt",
			);
			runOnlyForDeploymentPostprocessing = 0;
			shellPath = /bin/sh;
			shellScript = "diff \"${PODS_PODFILE_DIR_PATH}/Podfile.lock\" \"${PODS_ROOT}/Manifest.lock\" > /dev/null\nif [ $? != 0 ] ; then\n    # print error to STDERR\n    echo \"error: The sandbox is not in sync with the Podfile.lock. Run 'pod install' or update your CocoaPods installation.\" >&2\n    exit 1\nfi\n# This output is used by Xcode 'outputs' to avoid re-running this script phase.\necho \"SUCCESS\" > \"${SCRIPT_OUTPUT_FILE_0}\"\n";
			showEnvVarsInLog = 0;
		};
		08B6D153373E2297E932BCBD /* [CP] Embed Pods Frameworks */ = {
			isa = PBXShellScriptBuildPhase;
			buildActionMask = 2147483647;
			files = (
			);
			inputFileListPaths = (
				"${PODS_ROOT}/Target Support Files/Pods-MoiveApiProject/Pods-MoiveApiProject-frameworks-${CONFIGURATION}-input-files.xcfilelist",
			);
			name = "[CP] Embed Pods Frameworks";
			outputFileListPaths = (
				"${PODS_ROOT}/Target Support Files/Pods-MoiveApiProject/Pods-MoiveApiProject-frameworks-${CONFIGURATION}-output-files.xcfilelist",
			);
			runOnlyForDeploymentPostprocessing = 0;
			shellPath = /bin/sh;
			shellScript = "\"${PODS_ROOT}/Target Support Files/Pods-MoiveApiProject/Pods-MoiveApiProject-frameworks.sh\"\n";
			showEnvVarsInLog = 0;
		};
/* End PBXShellScriptBuildPhase section */

/* Begin PBXSourcesBuildPhase section */
		27998EDC2855AE920020037E /* Sources */ = {
			isa = PBXSourcesBuildPhase;
			buildActionMask = 2147483647;
			files = (
				275E52CF2858109D005442C1 /* WeekBoxOfficeData.swift in Sources */,
				275E52C928574451005442C1 /* NowPlayingMoviesViewControllerExtension.swift in Sources */,
				27B6668D285B232600F14B26 /* MyAccountViewController.swift in Sources */,
				27F95B8B2855C9EA0097C7DC /* TabBarViewController.swift in Sources */,
				27998EE82855AE920020037E /* ViewController.swift in Sources */,
				275E52CD28580DC6005442C1 /* WeekBoxOfficeNetWork.swift in Sources */,
				275E52D32858664E005442C1 /* MovieSearchViewController.swift in Sources */,
				275E52C528570172005442C1 /* DailyBoxOfficeNetWork.swift in Sources */,
				27998EE42855AE920020037E /* AppDelegate.swift in Sources */,
				27F95B8D2855CA7A0097C7DC /* ViewControllerExtension.swift in Sources */,
				275E52C328570136005442C1 /* DaIiyBoxOfficeData.swift in Sources */,
				27F95B912855D39D0097C7DC /* TabBarViewControllerExtension.swift in Sources */,
				27998EE62855AE920020037E /* SceneDelegate.swift in Sources */,
				27F95B8F2855CCD90097C7DC /* NowPlayingMovieViewController.swift in Sources */,
				275E52C728573FDE005442C1 /* TodayBoxOfficeCell.swift in Sources */,
			);
			runOnlyForDeploymentPostprocessing = 0;
		};
/* End PBXSourcesBuildPhase section */

/* Begin PBXVariantGroup section */
		27998EE92855AE920020037E /* Main.storyboard */ = {
			isa = PBXVariantGroup;
			children = (
				27998EEA2855AE920020037E /* Base */,
			);
			name = Main.storyboard;
			sourceTree = "<group>";
		};
		27998EEE2855AE930020037E /* LaunchScreen.storyboard */ = {
			isa = PBXVariantGroup;
			children = (
				27998EEF2855AE930020037E /* Base */,
			);
			name = LaunchScreen.storyboard;
			sourceTree = "<group>";
		};
/* End PBXVariantGroup section */

/* Begin XCBuildConfiguration section */
		27998EF22855AE930020037E /* Debug */ = {
			isa = XCBuildConfiguration;
			buildSettings = {
				ALWAYS_SEARCH_USER_PATHS = NO;
				CLANG_ANALYZER_NONNULL = YES;
				CLANG_ANALYZER_NUMBER_OBJECT_CONVERSION = YES_AGGRESSIVE;
				CLANG_CXX_LANGUAGE_STANDARD = "gnu++17";
				CLANG_ENABLE_MODULES = YES;
				CLANG_ENABLE_OBJC_ARC = YES;
				CLANG_ENABLE_OBJC_WEAK = YES;
				CLANG_WARN_BLOCK_CAPTURE_AUTORELEASING = YES;
				CLANG_WARN_BOOL_CONVERSION = YES;
				CLANG_WARN_COMMA = YES;
				CLANG_WARN_CONSTANT_CONVERSION = YES;
				CLANG_WARN_DEPRECATED_OBJC_IMPLEMENTATIONS = YES;
				CLANG_WARN_DIRECT_OBJC_ISA_USAGE = YES_ERROR;
				CLANG_WARN_DOCUMENTATION_COMMENTS = YES;
				CLANG_WARN_EMPTY_BODY = YES;
				CLANG_WARN_ENUM_CONVERSION = YES;
				CLANG_WARN_INFINITE_RECURSION = YES;
				CLANG_WARN_INT_CONVERSION = YES;
				CLANG_WARN_NON_LITERAL_NULL_CONVERSION = YES;
				CLANG_WARN_OBJC_IMPLICIT_RETAIN_SELF = YES;
				CLANG_WARN_OBJC_LITERAL_CONVERSION = YES;
				CLANG_WARN_OBJC_ROOT_CLASS = YES_ERROR;
				CLANG_WARN_QUOTED_INCLUDE_IN_FRAMEWORK_HEADER = YES;
				CLANG_WARN_RANGE_LOOP_ANALYSIS = YES;
				CLANG_WARN_STRICT_PROTOTYPES = YES;
				CLANG_WARN_SUSPICIOUS_MOVE = YES;
				CLANG_WARN_UNGUARDED_AVAILABILITY = YES_AGGRESSIVE;
				CLANG_WARN_UNREACHABLE_CODE = YES;
				CLANG_WARN__DUPLICATE_METHOD_MATCH = YES;
				COPY_PHASE_STRIP = NO;
				DEBUG_INFORMATION_FORMAT = dwarf;
				ENABLE_STRICT_OBJC_MSGSEND = YES;
				ENABLE_TESTABILITY = YES;
				GCC_C_LANGUAGE_STANDARD = gnu11;
				GCC_DYNAMIC_NO_PIC = NO;
				GCC_NO_COMMON_BLOCKS = YES;
				GCC_OPTIMIZATION_LEVEL = 0;
				GCC_PREPROCESSOR_DEFINITIONS = (
					"DEBUG=1",
					"$(inherited)",
				);
				GCC_WARN_64_TO_32_BIT_CONVERSION = YES;
				GCC_WARN_ABOUT_RETURN_TYPE = YES_ERROR;
				GCC_WARN_UNDECLARED_SELECTOR = YES;
				GCC_WARN_UNINITIALIZED_AUTOS = YES_AGGRESSIVE;
				GCC_WARN_UNUSED_FUNCTION = YES;
				GCC_WARN_UNUSED_VARIABLE = YES;
				IPHONEOS_DEPLOYMENT_TARGET = 13.0;
				MTL_ENABLE_DEBUG_INFO = INCLUDE_SOURCE;
				MTL_FAST_MATH = YES;
				ONLY_ACTIVE_ARCH = YES;
				SDKROOT = iphoneos;
				SWIFT_ACTIVE_COMPILATION_CONDITIONS = DEBUG;
				SWIFT_OPTIMIZATION_LEVEL = "-Onone";
			};
			name = Debug;
		};
		27998EF32855AE930020037E /* Release */ = {
			isa = XCBuildConfiguration;
			buildSettings = {
				ALWAYS_SEARCH_USER_PATHS = NO;
				CLANG_ANALYZER_NONNULL = YES;
				CLANG_ANALYZER_NUMBER_OBJECT_CONVERSION = YES_AGGRESSIVE;
				CLANG_CXX_LANGUAGE_STANDARD = "gnu++17";
				CLANG_ENABLE_MODULES = YES;
				CLANG_ENABLE_OBJC_ARC = YES;
				CLANG_ENABLE_OBJC_WEAK = YES;
				CLANG_WARN_BLOCK_CAPTURE_AUTORELEASING = YES;
				CLANG_WARN_BOOL_CONVERSION = YES;
				CLANG_WARN_COMMA = YES;
				CLANG_WARN_CONSTANT_CONVERSION = YES;
				CLANG_WARN_DEPRECATED_OBJC_IMPLEMENTATIONS = YES;
				CLANG_WARN_DIRECT_OBJC_ISA_USAGE = YES_ERROR;
				CLANG_WARN_DOCUMENTATION_COMMENTS = YES;
				CLANG_WARN_EMPTY_BODY = YES;
				CLANG_WARN_ENUM_CONVERSION = YES;
				CLANG_WARN_INFINITE_RECURSION = YES;
				CLANG_WARN_INT_CONVERSION = YES;
				CLANG_WARN_NON_LITERAL_NULL_CONVERSION = YES;
				CLANG_WARN_OBJC_IMPLICIT_RETAIN_SELF = YES;
				CLANG_WARN_OBJC_LITERAL_CONVERSION = YES;
				CLANG_WARN_OBJC_ROOT_CLASS = YES_ERROR;
				CLANG_WARN_QUOTED_INCLUDE_IN_FRAMEWORK_HEADER = YES;
				CLANG_WARN_RANGE_LOOP_ANALYSIS = YES;
				CLANG_WARN_STRICT_PROTOTYPES = YES;
				CLANG_WARN_SUSPICIOUS_MOVE = YES;
				CLANG_WARN_UNGUARDED_AVAILABILITY = YES_AGGRESSIVE;
				CLANG_WARN_UNREACHABLE_CODE = YES;
				CLANG_WARN__DUPLICATE_METHOD_MATCH = YES;
				COPY_PHASE_STRIP = NO;
				DEBUG_INFORMATION_FORMAT = "dwarf-with-dsym";
				ENABLE_NS_ASSERTIONS = NO;
				ENABLE_STRICT_OBJC_MSGSEND = YES;
				GCC_C_LANGUAGE_STANDARD = gnu11;
				GCC_NO_COMMON_BLOCKS = YES;
				GCC_WARN_64_TO_32_BIT_CONVERSION = YES;
				GCC_WARN_ABOUT_RETURN_TYPE = YES_ERROR;
				GCC_WARN_UNDECLARED_SELECTOR = YES;
				GCC_WARN_UNINITIALIZED_AUTOS = YES_AGGRESSIVE;
				GCC_WARN_UNUSED_FUNCTION = YES;
				GCC_WARN_UNUSED_VARIABLE = YES;
				IPHONEOS_DEPLOYMENT_TARGET = 13.0;
				MTL_ENABLE_DEBUG_INFO = NO;
				MTL_FAST_MATH = YES;
				SDKROOT = iphoneos;
				SWIFT_COMPILATION_MODE = wholemodule;
				SWIFT_OPTIMIZATION_LEVEL = "-O";
				VALIDATE_PRODUCT = YES;
			};
			name = Release;
		};
		27998EF52855AE930020037E /* Debug */ = {
			isa = XCBuildConfiguration;
			baseConfigurationReference = BFDFBC652FA3BC708C8431B0 /* Pods-MoiveApiProject.debug.xcconfig */;
			buildSettings = {
				ASSETCATALOG_COMPILER_APPICON_NAME = AppIcon;
				ASSETCATALOG_COMPILER_GLOBAL_ACCENT_COLOR_NAME = AccentColor;
				CODE_SIGN_STYLE = Automatic;
				CURRENT_PROJECT_VERSION = 1;
				DEVELOPMENT_TEAM = BGU99JP2HN;
				GENERATE_INFOPLIST_FILE = YES;
				INFOPLIST_FILE = MoiveApiProject/Info.plist;
				INFOPLIST_KEY_UIApplicationSupportsIndirectInputEvents = YES;
				INFOPLIST_KEY_UILaunchStoryboardName = LaunchScreen;
				INFOPLIST_KEY_UIMainStoryboardFile = Main;
				INFOPLIST_KEY_UISupportedInterfaceOrientations_iPad = "UIInterfaceOrientationPortrait UIInterfaceOrientationPortraitUpsideDown UIInterfaceOrientationLandscapeLeft UIInterfaceOrientationLandscapeRight";
				INFOPLIST_KEY_UISupportedInterfaceOrientations_iPhone = "UIInterfaceOrientationPortrait UIInterfaceOrientationLandscapeLeft UIInterfaceOrientationLandscapeRight";
				LD_RUNPATH_SEARCH_PATHS = (
					"$(inherited)",
					"@executable_path/Frameworks",
				);
				MARKETING_VERSION = 1.0;
				PRODUCT_BUNDLE_IDENTIFIER = Kyle.MoiveApiProject;
				PRODUCT_NAME = "$(TARGET_NAME)";
				SWIFT_EMIT_LOC_STRINGS = YES;
				SWIFT_VERSION = 5.0;
				TARGETED_DEVICE_FAMILY = "1,2";
			};
			name = Debug;
		};
		27998EF62855AE930020037E /* Release */ = {
			isa = XCBuildConfiguration;
			baseConfigurationReference = DCE86AC106925CA5F92E2BE2 /* Pods-MoiveApiProject.release.xcconfig */;
			buildSettings = {
				ASSETCATALOG_COMPILER_APPICON_NAME = AppIcon;
				ASSETCATALOG_COMPILER_GLOBAL_ACCENT_COLOR_NAME = AccentColor;
				CODE_SIGN_STYLE = Automatic;
				CURRENT_PROJECT_VERSION = 1;
				DEVELOPMENT_TEAM = BGU99JP2HN;
				GENERATE_INFOPLIST_FILE = YES;
				INFOPLIST_FILE = MoiveApiProject/Info.plist;
				INFOPLIST_KEY_UIApplicationSupportsIndirectInputEvents = YES;
				INFOPLIST_KEY_UILaunchStoryboardName = LaunchScreen;
				INFOPLIST_KEY_UIMainStoryboardFile = Main;
				INFOPLIST_KEY_UISupportedInterfaceOrientations_iPad = "UIInterfaceOrientationPortrait UIInterfaceOrientationPortraitUpsideDown UIInterfaceOrientationLandscapeLeft UIInterfaceOrientationLandscapeRight";
				INFOPLIST_KEY_UISupportedInterfaceOrientations_iPhone = "UIInterfaceOrientationPortrait UIInterfaceOrientationLandscapeLeft UIInterfaceOrientationLandscapeRight";
				LD_RUNPATH_SEARCH_PATHS = (
					"$(inherited)",
					"@executable_path/Frameworks",
				);
				MARKETING_VERSION = 1.0;
				PRODUCT_BUNDLE_IDENTIFIER = Kyle.MoiveApiProject;
				PRODUCT_NAME = "$(TARGET_NAME)";
				SWIFT_EMIT_LOC_STRINGS = YES;
				SWIFT_VERSION = 5.0;
				TARGETED_DEVICE_FAMILY = "1,2";
			};
			name = Release;
		};
/* End XCBuildConfiguration section */

/* Begin XCConfigurationList section */
		27998EDB2855AE920020037E /* Build configuration list for PBXProject "MoiveApiProject" */ = {
			isa = XCConfigurationList;
			buildConfigurations = (
				27998EF22855AE930020037E /* Debug */,
				27998EF32855AE930020037E /* Release */,
			);
			defaultConfigurationIsVisible = 0;
			defaultConfigurationName = Release;
		};
		27998EF42855AE930020037E /* Build configuration list for PBXNativeTarget "MoiveApiProject" */ = {
			isa = XCConfigurationList;
			buildConfigurations = (
				27998EF52855AE930020037E /* Debug */,
				27998EF62855AE930020037E /* Release */,
			);
			defaultConfigurationIsVisible = 0;
			defaultConfigurationName = Release;
		};
/* End XCConfigurationList section */

/* Begin XCRemoteSwiftPackageReference section */
		27B6668E285B296900F14B26 /* XCRemoteSwiftPackageReference "Kingfisher" */ = {
			isa = XCRemoteSwiftPackageReference;
			repositoryURL = "https://github.com/onevcat/Kingfisher.git";
			requirement = {
				kind = upToNextMajorVersion;
				minimumVersion = 7.0.0;
			};
		};
		27F95B6C2855B5670097C7DC /* XCRemoteSwiftPackageReference "Alamofire" */ = {
			isa = XCRemoteSwiftPackageReference;
			repositoryURL = "https://github.com/Alamofire/Alamofire.git";
			requirement = {
				kind = upToNextMajorVersion;
				minimumVersion = 5.0.0;
			};
		};
		27F95B6F2855B5A20097C7DC /* XCRemoteSwiftPackageReference "Tabman" */ = {
			isa = XCRemoteSwiftPackageReference;
			repositoryURL = "https://github.com/uias/Tabman.git";
			requirement = {
				branch = main;
				kind = branch;
			};
		};
		27F95B752855BC090097C7DC /* XCRemoteSwiftPackageReference "kakao-ios-sdk" */ = {
			isa = XCRemoteSwiftPackageReference;
			repositoryURL = "https://github.com/kakao/kakao-ios-sdk";
			requirement = {
				kind = upToNextMajorVersion;
				minimumVersion = 2.0.0;
			};
		};
/* End XCRemoteSwiftPackageReference section */

/* Begin XCSwiftPackageProductDependency section */
		27B6668F285B296900F14B26 /* Kingfisher */ = {
			isa = XCSwiftPackageProductDependency;
			package = 27B6668E285B296900F14B26 /* XCRemoteSwiftPackageReference "Kingfisher" */;
			productName = Kingfisher;
		};
		27F95B6D2855B5670097C7DC /* Alamofire */ = {
			isa = XCSwiftPackageProductDependency;
			package = 27F95B6C2855B5670097C7DC /* XCRemoteSwiftPackageReference "Alamofire" */;
			productName = Alamofire;
		};
		27F95B702855B5A20097C7DC /* Tabman */ = {
			isa = XCSwiftPackageProductDependency;
			package = 27F95B6F2855B5A20097C7DC /* XCRemoteSwiftPackageReference "Tabman" */;
			productName = Tabman;
		};
		27F95B762855BC090097C7DC /* KakaoSDK */ = {
			isa = XCSwiftPackageProductDependency;
			package = 27F95B752855BC090097C7DC /* XCRemoteSwiftPackageReference "kakao-ios-sdk" */;
			productName = KakaoSDK;
		};
		27F95B782855BC090097C7DC /* KakaoSDKAuth */ = {
			isa = XCSwiftPackageProductDependency;
			package = 27F95B752855BC090097C7DC /* XCRemoteSwiftPackageReference "kakao-ios-sdk" */;
			productName = KakaoSDKAuth;
		};
		27F95B7A2855BC090097C7DC /* KakaoSDKCommon */ = {
			isa = XCSwiftPackageProductDependency;
			package = 27F95B752855BC090097C7DC /* XCRemoteSwiftPackageReference "kakao-ios-sdk" */;
			productName = KakaoSDKCommon;
		};
		27F95B7C2855BC090097C7DC /* KakaoSDKCommonCore */ = {
			isa = XCSwiftPackageProductDependency;
			package = 27F95B752855BC090097C7DC /* XCRemoteSwiftPackageReference "kakao-ios-sdk" */;
			productName = KakaoSDKCommonCore;
		};
		27F95B7E2855BC090097C7DC /* KakaoSDKLink */ = {
			isa = XCSwiftPackageProductDependency;
			package = 27F95B752855BC090097C7DC /* XCRemoteSwiftPackageReference "kakao-ios-sdk" */;
			productName = KakaoSDKLink;
		};
		27F95B802855BC090097C7DC /* KakaoSDKNavi */ = {
			isa = XCSwiftPackageProductDependency;
			package = 27F95B752855BC090097C7DC /* XCRemoteSwiftPackageReference "kakao-ios-sdk" */;
			productName = KakaoSDKNavi;
		};
		27F95B822855BC090097C7DC /* KakaoSDKStory */ = {
			isa = XCSwiftPackageProductDependency;
			package = 27F95B752855BC090097C7DC /* XCRemoteSwiftPackageReference "kakao-ios-sdk" */;
			productName = KakaoSDKStory;
		};
		27F95B842855BC090097C7DC /* KakaoSDKTalk */ = {
			isa = XCSwiftPackageProductDependency;
			package = 27F95B752855BC090097C7DC /* XCRemoteSwiftPackageReference "kakao-ios-sdk" */;
			productName = KakaoSDKTalk;
		};
		27F95B862855BC090097C7DC /* KakaoSDKTemplate */ = {
			isa = XCSwiftPackageProductDependency;
			package = 27F95B752855BC090097C7DC /* XCRemoteSwiftPackageReference "kakao-ios-sdk" */;
			productName = KakaoSDKTemplate;
		};
		27F95B882855BC090097C7DC /* KakaoSDKUser */ = {
			isa = XCSwiftPackageProductDependency;
			package = 27F95B752855BC090097C7DC /* XCRemoteSwiftPackageReference "kakao-ios-sdk" */;
			productName = KakaoSDKUser;
		};
/* End XCSwiftPackageProductDependency section */
	};
	rootObject = 27998ED82855AE920020037E /* Project object */;
}
